PODS:
  - eMMa (4.8.0)
  - emma_flutter_sdk (1.0.0):
    - eMMa (~> 4.8.0)
    - Flutter
  - Flutter (1.0.0)

DEPENDENCIES:
  - emma_flutter_sdk (from `.symlinks/plugins/emma_flutter_sdk/ios`)
  - Flutter (from `Flutter`)

SPEC REPOS:
  trunk:
    - eMMa

EXTERNAL SOURCES:
  emma_flutter_sdk:
    :path: ".symlinks/plugins/emma_flutter_sdk/ios"
  Flutter:
    :path: Flutter

SPEC CHECKSUMS:
  eMMa: 81a3b75d36fdc7f7975b2166ecb7bd11c667d5a9
  emma_flutter_sdk: 2252b9fccff148bd8f120077f18f84224b59195c
  Flutter: 0e3d915762c693b495b44d77113d4970485de6ec

PODFILE CHECKSUM: aafe91acc616949ddb318b77800a7f51bffa2a4c

COCOAPODS: 1.10.0
